
Microsoft Visual Studio Solution File, Format Version 12.00
# Visual Studio Version 17
VisualStudioVersion = 17.0.31903.59
MinimumVisualStudioVersion = 10.0.40219.1
Project("{FAE04EC0-301F-11D3-BF4B-00C04F79EFBC}") = "rag-sandbox", "src\RagSandbox\rag-sandbox.csproj", "{F31C503D-5164-4FE2-91FF-C06C0690808A}"
EndProject
Project("{FAE04EC0-301F-11D3-BF4B-00C04F79EFBC}") = "SmokeTests", "tests\SmokeTests\SmokeTests.csproj", "{D2D3F932-B309-4242-B10F-FD440088F225}"
EndProject
Global
	GlobalSection(SolutionConfigurationPlatforms) = preSolution
		Debug|Any CPU = Debug|Any CPU
		Release|Any CPU = Release|Any CPU
	EndGlobalSection
	GlobalSection(SolutionProperties) = preSolution
		HideSolutionNode = FALSE
	EndGlobalSection
	GlobalSection(ProjectConfigurationPlatforms) = postSolution
		{F31C503D-5164-4FE2-91FF-C06C0690808A}.Debug|Any CPU.ActiveCfg = Debug|Any CPU
		{F31C503D-5164-4FE2-91FF-C06C0690808A}.Debug|Any CPU.Build.0 = Debug|Any CPU
		{F31C503D-5164-4FE2-91FF-C06C0690808A}.Release|Any CPU.ActiveCfg = Release|Any CPU
		{F31C503D-5164-4FE2-91FF-C06C0690808A}.Release|Any CPU.Build.0 = Release|Any CPU
		{D2D3F932-B309-4242-B10F-FD440088F225}.Debug|Any CPU.ActiveCfg = Debug|Any CPU
		{D2D3F932-B309-4242-B10F-FD440088F225}.Debug|Any CPU.Build.0 = Debug|Any CPU
		{D2D3F932-B309-4242-B10F-FD440088F225}.Release|Any CPU.ActiveCfg = Release|Any CPU
		{D2D3F932-B309-4242-B10F-FD440088F225}.Release|Any CPU.Build.0 = Release|Any CPU
	EndGlobalSection
EndGlobal
